{
    "_meta": {
        "hash": {
            "sha256": "7ff6c295adb53ad2ce526a5badc353ff97672a44a7344b8fe83d6db99a63eb9c"
        },
        "pipfile-spec": 6,
        "requires": {
            "python_version": "3.9"
        },
        "sources": [
            {
                "name": "pypi",
                "url": "https://pypi.org/simple",
                "verify_ssl": true
            }
        ]
    },
    "default": {
        "asgiref": {
            "hashes": [
                "sha256:2f8abc20f7248433085eda803936d98992f1343ddb022065779f37c5da0181d0",
                "sha256:88d59c13d634dcffe0510be048210188edd79aeccb6a6c9028cdad6f31d730a9"
            ],
            "markers": "python_version >= '3.7'",
            "version": "==3.5.0"
        },
        "cmudict": {
            "hashes": [
                "sha256:85b03098a9b45c18112f584ac2418348ecbae56b8e66f0d947bba53e4b51e5dd",
                "sha256:e4cb67669a5734680c1dd7368e5ffe96fabe5e9bba56bbfc5464423e48136aca"
            ],
            "markers": "python_version >= '2.7'",
            "version": "==1.0.2"
        },
        "django": {
            "hashes": [
                "sha256:0604e84c4fb698a5e53e5857b5aea945b2f19a18f25f10b8748dbdf935788927",
                "sha256:21f0f9643722675976004eb683c55d33c05486f94506672df3d6a141546f389d"
            ],
            "index": "pypi",
            "version": "==3.2"
        },
        "gunicorn": {
            "hashes": [
                "sha256:aa8e0b40b4157b36a5df5e599f45c9c76d6af43845ba3b3b0efe2c70473c2471",
                "sha256:fa2662097c66f920f53f70621c6c58ca4a3c4d3434205e608e121b5b3b71f4f3"
            ],
            "index": "pypi",
            "version": "==19.9.0"
        },
        "markovify": {
            "hashes": [
                "sha256:e31c6fcdf4ed12c8e00e39df735ffa0d5546f7515ff4c32e4e0ae23c41f9cba9"
            ],
            "index": "pypi",
            "version": "==0.9.3"
        },
        "pronouncing": {
            "hashes": [
                "sha256:ff7856e1d973b3e16ff490c5cf1abdb52f08f45e2c35e463249b75741331e7c4"
            ],
            "index": "pypi",
            "version": "==0.2.0"
        },
        "pytz": {
            "hashes": [
                "sha256:3672058bc3453457b622aab7a1c3bfd5ab0bdae451512f6cf25f64ed37f5b87c",
                "sha256:acad2d8b20a1af07d4e4c9d2e9285c5ed9104354062f275f3fcd88dcef4f1326"
            ],
            "version": "==2021.3"
        },
        "sqlparse": {
            "hashes": [
                "sha256:0c00730c74263a94e5a9919ade150dfc3b19c574389985446148402998287dae",
                "sha256:48719e356bb8b42991bdbb1e8b83223757b93789c00910a616a071910ca4a64d"
            ],
            "markers": "python_version >= '3.5'",
            "version": "==0.4.2"
        },
        "unidecode": {
            "hashes": [
                "sha256:215fe33c9d1c889fa823ccb66df91b02524eb8cc8c9c80f9c5b8129754d27829",
                "sha256:669898c1528912bcf07f9819dc60df18d057f7528271e31f8ec28cc88ef27504"
            ],
            "markers": "python_version >= '3.5'",
            "version": "==1.3.2"
        }
    },
    "develop": {}
}
